
Microsoft Visual Studio Solution File, Format Version 12.00
# Visual Studio Version 16
VisualStudioVersion = 16.0.30503.244
MinimumVisualStudioVersion = 10.0.40219.1
Project("{8BC9CEB8-8B4A-11D0-8D11-00A0C91BC942}") = "LoopParallelization", "LoopParallelization\LoopParallelization.vcxproj", "{ED803E6F-A8EB-41DD-A24E-B51D8EA44ED1}"
EndProject
Project("{8BC9CEB8-8B4A-11D0-8D11-00A0C91BC942}") = "AMP-parallelization", "AMP-parallelization\AMP-parallelization.vcxproj", "{EE1C8D07-B7E8-4E99-9690-527F7B281F84}"
EndProject
Project("{8BC9CEB8-8B4A-11D0-8D11-00A0C91BC942}") = "SmartPointer-example", "SmartPointer-example\SmartPointer-example.vcxproj", "{49A5957D-0B83-47DC-ABC3-A1066006FB81}"
EndProject
Project("{8BC9CEB8-8B4A-11D0-8D11-00A0C91BC942}") = "dotProd", "dotProd\dotProd.vcxproj", "{5D097E02-89D7-49E8-B4F7-914EC7A35737}"
EndProject
Global
	GlobalSection(SolutionConfigurationPlatforms) = preSolution
		Debug|x64 = Debug|x64
		Debug|x86 = Debug|x86
		Release|x64 = Release|x64
		Release|x86 = Release|x86
	EndGlobalSection
	GlobalSection(ProjectConfigurationPlatforms) = postSolution
		{ED803E6F-A8EB-41DD-A24E-B51D8EA44ED1}.Debug|x64.ActiveCfg = Debug|x64
		{ED803E6F-A8EB-41DD-A24E-B51D8EA44ED1}.Debug|x64.Build.0 = Debug|x64
		{ED803E6F-A8EB-41DD-A24E-B51D8EA44ED1}.Debug|x86.ActiveCfg = Debug|Win32
		{ED803E6F-A8EB-41DD-A24E-B51D8EA44ED1}.Debug|x86.Build.0 = Debug|Win32
		{ED803E6F-A8EB-41DD-A24E-B51D8EA44ED1}.Release|x64.ActiveCfg = Release|x64
		{ED803E6F-A8EB-41DD-A24E-B51D8EA44ED1}.Release|x64.Build.0 = Release|x64
		{ED803E6F-A8EB-41DD-A24E-B51D8EA44ED1}.Release|x86.ActiveCfg = Release|Win32
		{ED803E6F-A8EB-41DD-A24E-B51D8EA44ED1}.Release|x86.Build.0 = Release|Win32
		{EE1C8D07-B7E8-4E99-9690-527F7B281F84}.Debug|x64.ActiveCfg = Debug|x64
		{EE1C8D07-B7E8-4E99-9690-527F7B281F84}.Debug|x64.Build.0 = Debug|x64
		{EE1C8D07-B7E8-4E99-9690-527F7B281F84}.Debug|x86.ActiveCfg = Debug|Win32
		{EE1C8D07-B7E8-4E99-9690-527F7B281F84}.Debug|x86.Build.0 = Debug|Win32
		{EE1C8D07-B7E8-4E99-9690-527F7B281F84}.Release|x64.ActiveCfg = Release|x64
		{EE1C8D07-B7E8-4E99-9690-527F7B281F84}.Release|x64.Build.0 = Release|x64
		{EE1C8D07-B7E8-4E99-9690-527F7B281F84}.Release|x86.ActiveCfg = Release|Win32
		{EE1C8D07-B7E8-4E99-9690-527F7B281F84}.Release|x86.Build.0 = Release|Win32
		{49A5957D-0B83-47DC-ABC3-A1066006FB81}.Debug|x64.ActiveCfg = Debug|x64
		{49A5957D-0B83-47DC-ABC3-A1066006FB81}.Debug|x64.Build.0 = Debug|x64
		{49A5957D-0B83-47DC-ABC3-A1066006FB81}.Debug|x86.ActiveCfg = Debug|Win32
		{49A5957D-0B83-47DC-ABC3-A1066006FB81}.Debug|x86.Build.0 = Debug|Win32
		{49A5957D-0B83-47DC-ABC3-A1066006FB81}.Release|x64.ActiveCfg = Release|x64
		{49A5957D-0B83-47DC-ABC3-A1066006FB81}.Release|x64.Build.0 = Release|x64
		{49A5957D-0B83-47DC-ABC3-A1066006FB81}.Release|x86.ActiveCfg = Release|Win32
		{49A5957D-0B83-47DC-ABC3-A1066006FB81}.Release|x86.Build.0 = Release|Win32
		{5D097E02-89D7-49E8-B4F7-914EC7A35737}.Debug|x64.ActiveCfg = Debug|x64
		{5D097E02-89D7-49E8-B4F7-914EC7A35737}.Debug|x64.Build.0 = Debug|x64
		{5D097E02-89D7-49E8-B4F7-914EC7A35737}.Debug|x86.ActiveCfg = Debug|Win32
		{5D097E02-89D7-49E8-B4F7-914EC7A35737}.Debug|x86.Build.0 = Debug|Win32
		{5D097E02-89D7-49E8-B4F7-914EC7A35737}.Release|x64.ActiveCfg = Release|x64
		{5D097E02-89D7-49E8-B4F7-914EC7A35737}.Release|x64.Build.0 = Release|x64
		{5D097E02-89D7-49E8-B4F7-914EC7A35737}.Release|x86.ActiveCfg = Release|Win32
		{5D097E02-89D7-49E8-B4F7-914EC7A35737}.Release|x86.Build.0 = Release|Win32
	EndGlobalSection
	GlobalSection(SolutionProperties) = preSolution
		HideSolutionNode = FALSE
	EndGlobalSection
	GlobalSection(ExtensibilityGlobals) = postSolution
		SolutionGuid = {D73526AF-AA65-4251-AF0C-28D4B0AD02CF}
	EndGlobalSection
EndGlobal
